
Microsoft Visual Studio Solution File, Format Version 12.00
# Visual Studio Version 17
VisualStudioVersion = 17.4.33205.214
MinimumVisualStudioVersion = 10.0.40219.1
Project("{FAE04EC0-301F-11D3-BF4B-00C04F79EFBC}") = "WebPanel", "WebPanel\WebPanel.csproj", "{30FF8960-7182-42A9-B544-3D0031E84647}"
EndProject
Global
	GlobalSection(SolutionConfigurationPlatforms) = preSolution
		Debug|Any CPU = Debug|Any CPU
		Release|Any CPU = Release|Any CPU
	EndGlobalSection
	GlobalSection(ProjectConfigurationPlatforms) = postSolution
		{30FF8960-7182-42A9-B544-3D0031E84647}.Debug|Any CPU.ActiveCfg = Debug|Any CPU
		{30FF8960-7182-42A9-B544-3D0031E84647}.Debug|Any CPU.Build.0 = Debug|Any CPU
		{30FF8960-7182-42A9-B544-3D0031E84647}.Release|Any CPU.ActiveCfg = Release|Any CPU
		{30FF8960-7182-42A9-B544-3D0031E84647}.Release|Any CPU.Build.0 = Release|Any CPU
	EndGlobalSection
	GlobalSection(SolutionProperties) = preSolution
		HideSolutionNode = FALSE
	EndGlobalSection
	GlobalSection(ExtensibilityGlobals) = postSolution
		SolutionGuid = {0A203CBB-D147-415E-8931-02E94E4453C5}
	EndGlobalSection
EndGlobal
